// !$*UTF8*$!
{
	archiveVersion = 1;
	classes = {
	};
	objectVersion = 55;
	objects = {

/* Begin PBXBuildFile section */
		4750B34227621CA500D8E7B4 /* UI_388App.swift in Sources */ = {isa = PBXBuildFile; fileRef = 4750B34127621CA500D8E7B4 /* UI_388App.swift */; };
		4750B34427621CA500D8E7B4 /* ContentView.swift in Sources */ = {isa = PBXBuildFile; fileRef = 4750B34327621CA500D8E7B4 /* ContentView.swift */; };
		4750B34627621CA600D8E7B4 /* Assets.xcassets in Resources */ = {isa = PBXBuildFile; fileRef = 4750B34527621CA600D8E7B4 /* Assets.xcassets */; };
		4750B34927621CA600D8E7B4 /* Preview Assets.xcassets in Resources */ = {isa = PBXBuildFile; fileRef = 4750B34827621CA600D8E7B4 /* Preview Assets.xcassets */; };
		4750B35327621CA600D8E7B4 /* UI_388Tests.swift in Sources */ = {isa = PBXBuildFile; fileRef = 4750B35227621CA600D8E7B4 /* UI_388Tests.swift */; };
		4750B35D27621CA600D8E7B4 /* UI_388UITests.swift in Sources */ = {isa = PBXBuildFile; fileRef = 4750B35C27621CA600D8E7B4 /* UI_388UITests.swift */; };
		4750B35F27621CA600D8E7B4 /* UI_388UITestsLaunchTests.swift in Sources */ = {isa = PBXBuildFile; fileRef = 4750B35E27621CA600D8E7B4 /* UI_388UITestsLaunchTests.swift */; };
		4750B36D27621CE800D8E7B4 /* MainPage.swift in Sources */ = {isa = PBXBuildFile; fileRef = 4750B36C27621CE800D8E7B4 /* MainPage.swift */; };
		4750B36F27621EF300D8E7B4 /* ProfileView.swift in Sources */ = {isa = PBXBuildFile; fileRef = 4750B36E27621EF300D8E7B4 /* ProfileView.swift */; };
		4750B37427622A6800D8E7B4 /* Message.swift in Sources */ = {isa = PBXBuildFile; fileRef = 4750B37327622A6800D8E7B4 /* Message.swift */; };
		4750B37727622A7D00D8E7B4 /* HomeViewModel.swift in Sources */ = {isa = PBXBuildFile; fileRef = 4750B37627622A7D00D8E7B4 /* HomeViewModel.swift */; };
		4750B37927622CF400D8E7B4 /* LinkView.swift in Sources */ = {isa = PBXBuildFile; fileRef = 4750B37827622CF400D8E7B4 /* LinkView.swift */; };
		4750B37B27622D4F00D8E7B4 /* LinkMainView.swift in Sources */ = {isa = PBXBuildFile; fileRef = 4750B37A27622D4F00D8E7B4 /* LinkMainView.swift */; };
/* End PBXBuildFile section */

/* Begin PBXContainerItemProxy section */
		4750B34F27621CA600D8E7B4 /* PBXContainerItemProxy */ = {
			isa = PBXContainerItemProxy;
			containerPortal = 4750B33627621CA500D8E7B4 /* Project object */;
			proxyType = 1;
			remoteGlobalIDString = 4750B33D27621CA500D8E7B4;
			remoteInfo = "UI-388";
		};
		4750B35927621CA600D8E7B4 /* PBXContainerItemProxy */ = {
			isa = PBXContainerItemProxy;
			containerPortal = 4750B33627621CA500D8E7B4 /* Project object */;
			proxyType = 1;
			remoteGlobalIDString = 4750B33D27621CA500D8E7B4;
			remoteInfo = "UI-388";
		};
/* End PBXContainerItemProxy section */

/* Begin PBXFileReference section */
		4750B33E27621CA500D8E7B4 /* UI-388.app */ = {isa = PBXFileReference; explicitFileType = wrapper.application; includeInIndex = 0; path = "UI-388.app"; sourceTree = BUILT_PRODUCTS_DIR; };
		4750B34127621CA500D8E7B4 /* UI_388App.swift */ = {isa = PBXFileReference; lastKnownFileType = sourcecode.swift; path = UI_388App.swift; sourceTree = "<group>"; };
		4750B34327621CA500D8E7B4 /* ContentView.swift */ = {isa = PBXFileReference; lastKnownFileType = sourcecode.swift; path = ContentView.swift; sourceTree = "<group>"; };
		4750B34527621CA600D8E7B4 /* Assets.xcassets */ = {isa = PBXFileReference; lastKnownFileType = folder.assetcatalog; path = Assets.xcassets; sourceTree = "<group>"; };
		4750B34827621CA600D8E7B4 /* Preview Assets.xcassets */ = {isa = PBXFileReference; lastKnownFileType = folder.assetcatalog; path = "Preview Assets.xcassets"; sourceTree = "<group>"; };
		4750B34E27621CA600D8E7B4 /* UI-388Tests.xctest */ = {isa = PBXFileReference; explicitFileType = wrapper.cfbundle; includeInIndex = 0; path = "UI-388Tests.xctest"; sourceTree = BUILT_PRODUCTS_DIR; };
		4750B35227621CA600D8E7B4 /* UI_388Tests.swift */ = {isa = PBXFileReference; lastKnownFileType = sourcecode.swift; path = UI_388Tests.swift; sourceTree = "<group>"; };
		4750B35827621CA600D8E7B4 /* UI-388UITests.xctest */ = {isa = PBXFileReference; explicitFileType = wrapper.cfbundle; includeInIndex = 0; path = "UI-388UITests.xctest"; sourceTree = BUILT_PRODUCTS_DIR; };
		4750B35C27621CA600D8E7B4 /* UI_388UITests.swift */ = {isa = PBXFileReference; lastKnownFileType = sourcecode.swift; path = UI_388UITests.swift; sourceTree = "<group>"; };
		4750B35E27621CA600D8E7B4 /* UI_388UITestsLaunchTests.swift */ = {isa = PBXFileReference; lastKnownFileType = sourcecode.swift; path = UI_388UITestsLaunchTests.swift; sourceTree = "<group>"; };
		4750B36C27621CE800D8E7B4 /* MainPage.swift */ = {isa = PBXFileReference; lastKnownFileType = sourcecode.swift; path = MainPage.swift; sourceTree = "<group>"; };
		4750B36E27621EF300D8E7B4 /* ProfileView.swift */ = {isa = PBXFileReference; lastKnownFileType = sourcecode.swift; path = ProfileView.swift; sourceTree = "<group>"; };
		4750B37327622A6800D8E7B4 /* Message.swift */ = {isa = PBXFileReference; lastKnownFileType = sourcecode.swift; path = Message.swift; sourceTree = "<group>"; };
		4750B37627622A7D00D8E7B4 /* HomeViewModel.swift */ = {isa = PBXFileReference; lastKnownFileType = sourcecode.swift; path = HomeViewModel.swift; sourceTree = "<group>"; };
		4750B37827622CF400D8E7B4 /* LinkView.swift */ = {isa = PBXFileReference; lastKnownFileType = sourcecode.swift; path = LinkView.swift; sourceTree = "<group>"; };
		4750B37A27622D4F00D8E7B4 /* LinkMainView.swift */ = {isa = PBXFileReference; lastKnownFileType = sourcecode.swift; path = LinkMainView.swift; sourceTree = "<group>"; };
/* End PBXFileReference section */

/* Begin PBXFrameworksBuildPhase section */
		4750B33B27621CA500D8E7B4 /* Frameworks */ = {
			isa = PBXFrameworksBuildPhase;
			buildActionMask = 2147483647;
			files = (
			);
			runOnlyForDeploymentPostprocessing = 0;
		};
		4750B34B27621CA600D8E7B4 /* Frameworks */ = {
			isa = PBXFrameworksBuildPhase;
			buildActionMask = 2147483647;
			files = (
			);
			runOnlyForDeploymentPostprocessing = 0;
		};
		4750B35527621CA600D8E7B4 /* Frameworks */ = {
			isa = PBXFrameworksBuildPhase;
			buildActionMask = 2147483647;
			files = (
			);
			runOnlyForDeploymentPostprocessing = 0;
		};
/* End PBXFrameworksBuildPhase section */

/* Begin PBXGroup section */
		4750B33527621CA500D8E7B4 = {
			isa = PBXGroup;
			children = (
				4750B34027621CA500D8E7B4 /* UI-388 */,
				4750B35127621CA600D8E7B4 /* UI-388Tests */,
				4750B35B27621CA600D8E7B4 /* UI-388UITests */,
				4750B33F27621CA500D8E7B4 /* Products */,
			);
			sourceTree = "<group>";
		};
		4750B33F27621CA500D8E7B4 /* Products */ = {
			isa = PBXGroup;
			children = (
				4750B33E27621CA500D8E7B4 /* UI-388.app */,
				4750B34E27621CA600D8E7B4 /* UI-388Tests.xctest */,
				4750B35827621CA600D8E7B4 /* UI-388UITests.xctest */,
			);
			name = Products;
			sourceTree = "<group>";
		};
		4750B34027621CA500D8E7B4 /* UI-388 */ = {
			isa = PBXGroup;
			children = (
				4750B37527622A7300D8E7B4 /* ViewModel */,
				4750B37227622A6000D8E7B4 /* Model */,
				4750B36B27621CDE00D8E7B4 /* View */,
				4750B34127621CA500D8E7B4 /* UI_388App.swift */,
				4750B34327621CA500D8E7B4 /* ContentView.swift */,
				4750B34527621CA600D8E7B4 /* Assets.xcassets */,
				4750B34727621CA600D8E7B4 /* Preview Content */,
			);
			path = "UI-388";
			sourceTree = "<group>";
		};
		4750B34727621CA600D8E7B4 /* Preview Content */ = {
			isa = PBXGroup;
			children = (
				4750B34827621CA600D8E7B4 /* Preview Assets.xcassets */,
			);
			path = "Preview Content";
			sourceTree = "<group>";
		};
		4750B35127621CA600D8E7B4 /* UI-388Tests */ = {
			isa = PBXGroup;
			children = (
				4750B35227621CA600D8E7B4 /* UI_388Tests.swift */,
			);
			path = "UI-388Tests";
			sourceTree = "<group>";
		};
		4750B35B27621CA600D8E7B4 /* UI-388UITests */ = {
			isa = PBXGroup;
			children = (
				4750B35C27621CA600D8E7B4 /* UI_388UITests.swift */,
				4750B35E27621CA600D8E7B4 /* UI_388UITestsLaunchTests.swift */,
			);
			path = "UI-388UITests";
			sourceTree = "<group>";
		};
		4750B36B27621CDE00D8E7B4 /* View */ = {
			isa = PBXGroup;
			children = (
				4750B36C27621CE800D8E7B4 /* MainPage.swift */,
				4750B36E27621EF300D8E7B4 /* ProfileView.swift */,
				4750B37827622CF400D8E7B4 /* LinkView.swift */,
				4750B37A27622D4F00D8E7B4 /* LinkMainView.swift */,
			);
			path = View;
			sourceTree = "<group>";
		};
		4750B37227622A6000D8E7B4 /* Model */ = {
			isa = PBXGroup;
			children = (
				4750B37327622A6800D8E7B4 /* Message.swift */,
			);
			path = Model;
			sourceTree = "<group>";
		};
		4750B37527622A7300D8E7B4 /* ViewModel */ = {
			isa = PBXGroup;
			children = (
				4750B37627622A7D00D8E7B4 /* HomeViewModel.swift */,
			);
			path = ViewModel;
			sourceTree = "<group>";
		};
/* End PBXGroup section */

/* Begin PBXNativeTarget section */
		4750B33D27621CA500D8E7B4 /* UI-388 */ = {
			isa = PBXNativeTarget;
			buildConfigurationList = 4750B36227621CA600D8E7B4 /* Build configuration list for PBXNativeTarget "UI-388" */;
			buildPhases = (
				4750B33A27621CA500D8E7B4 /* Sources */,
				4750B33B27621CA500D8E7B4 /* Frameworks */,
				4750B33C27621CA500D8E7B4 /* Resources */,
			);
			buildRules = (
			);
			dependencies = (
			);
			name = "UI-388";
			productName = "UI-388";
			productReference = 4750B33E27621CA500D8E7B4 /* UI-388.app */;
			productType = "com.apple.product-type.application";
		};
		4750B34D27621CA600D8E7B4 /* UI-388Tests */ = {
			isa = PBXNativeTarget;
			buildConfigurationList = 4750B36527621CA600D8E7B4 /* Build configuration list for PBXNativeTarget "UI-388Tests" */;
			buildPhases = (
				4750B34A27621CA600D8E7B4 /* Sources */,
				4750B34B27621CA600D8E7B4 /* Frameworks */,
				4750B34C27621CA600D8E7B4 /* Resources */,
			);
			buildRules = (
			);
			dependencies = (
				4750B35027621CA600D8E7B4 /* PBXTargetDependency */,
			);
			name = "UI-388Tests";
			productName = "UI-388Tests";
			productReference = 4750B34E27621CA600D8E7B4 /* UI-388Tests.xctest */;
			productType = "com.apple.product-type.bundle.unit-test";
		};
		4750B35727621CA600D8E7B4 /* UI-388UITests */ = {
			isa = PBXNativeTarget;
			buildConfigurationList = 4750B36827621CA600D8E7B4 /* Build configuration list for PBXNativeTarget "UI-388UITests" */;
			buildPhases = (
				4750B35427621CA600D8E7B4 /* Sources */,
				4750B35527621CA600D8E7B4 /* Frameworks */,
				4750B35627621CA600D8E7B4 /* Resources */,
			);
			buildRules = (
			);
			dependencies = (
				4750B35A27621CA600D8E7B4 /* PBXTargetDependency */,
			);
			name = "UI-388UITests";
			productName = "UI-388UITests";
			productReference = 4750B35827621CA600D8E7B4 /* UI-388UITests.xctest */;
			productType = "com.apple.product-type.bundle.ui-testing";
		};
/* End PBXNativeTarget section */

/* Begin PBXProject section */
		4750B33627621CA500D8E7B4 /* Project object */ = {
			isa = PBXProject;
			attributes = {
				BuildIndependentTargetsInParallel = 1;
				LastSwiftUpdateCheck = 1310;
				LastUpgradeCheck = 1310;
				TargetAttributes = {
					4750B33D27621CA500D8E7B4 = {
						CreatedOnToolsVersion = 13.1;
					};
					4750B34D27621CA600D8E7B4 = {
						CreatedOnToolsVersion = 13.1;
						TestTargetID = 4750B33D27621CA500D8E7B4;
					};
					4750B35727621CA600D8E7B4 = {
						CreatedOnToolsVersion = 13.1;
						TestTargetID = 4750B33D27621CA500D8E7B4;
					};
				};
			};
			buildConfigurationList = 4750B33927621CA500D8E7B4 /* Build configuration list for PBXProject "UI-388" */;
			compatibilityVersion = "Xcode 13.0";
			developmentRegion = en;
			hasScannedForEncodings = 0;
			knownRegions = (
				en,
				Base,
			);
			mainGroup = 4750B33527621CA500D8E7B4;
			productRefGroup = 4750B33F27621CA500D8E7B4 /* Products */;
			projectDirPath = "";
			projectRoot = "";
			targets = (
				4750B33D27621CA500D8E7B4 /* UI-388 */,
				4750B34D27621CA600D8E7B4 /* UI-388Tests */,
				4750B35727621CA600D8E7B4 /* UI-388UITests */,
			);
		};
/* End PBXProject section */

/* Begin PBXResourcesBuildPhase section */
		4750B33C27621CA500D8E7B4 /* Resources */ = {
			isa = PBXResourcesBuildPhase;
			buildActionMask = 2147483647;
			files = (
				4750B34927621CA600D8E7B4 /* Preview Assets.xcassets in Resources */,
				4750B34627621CA600D8E7B4 /* Assets.xcassets in Resources */,
			);
			runOnlyForDeploymentPostprocessing = 0;
		};
		4750B34C27621CA600D8E7B4 /* Resources */ = {
			isa = PBXResourcesBuildPhase;
			buildActionMask = 2147483647;
			files = (
			);
			runOnlyForDeploymentPostprocessing = 0;
		};
		4750B35627621CA600D8E7B4 /* Resources */ = {
			isa = PBXResourcesBuildPhase;
			buildActionMask = 2147483647;
			files = (
			);
			runOnlyForDeploymentPostprocessing = 0;
		};
/* End PBXResourcesBuildPhase section */

/* Begin PBXSourcesBuildPhase section */
		4750B33A27621CA500D8E7B4 /* Sources */ = {
			isa = PBXSourcesBuildPhase;
			buildActionMask = 2147483647;
			files = (
				4750B36F27621EF300D8E7B4 /* ProfileView.swift in Sources */,
				4750B37727622A7D00D8E7B4 /* HomeViewModel.swift in Sources */,
				4750B34427621CA500D8E7B4 /* ContentView.swift in Sources */,
				4750B37B27622D4F00D8E7B4 /* LinkMainView.swift in Sources */,
				4750B37427622A6800D8E7B4 /* Message.swift in Sources */,
				4750B34227621CA500D8E7B4 /* UI_388App.swift in Sources */,
				4750B37927622CF400D8E7B4 /* LinkView.swift in Sources */,
				4750B36D27621CE800D8E7B4 /* MainPage.swift in Sources */,
			);
			runOnlyForDeploymentPostprocessing = 0;
		};
		4750B34A27621CA600D8E7B4 /* Sources */ = {
			isa = PBXSourcesBuildPhase;
			buildActionMask = 2147483647;
			files = (
				4750B35327621CA600D8E7B4 /* UI_388Tests.swift in Sources */,
			);
			runOnlyForDeploymentPostprocessing = 0;
		};
		4750B35427621CA600D8E7B4 /* Sources */ = {
			isa = PBXSourcesBuildPhase;
			buildActionMask = 2147483647;
			files = (
				4750B35F27621CA600D8E7B4 /* UI_388UITestsLaunchTests.swift in Sources */,
				4750B35D27621CA600D8E7B4 /* UI_388UITests.swift in Sources */,
			);
			runOnlyForDeploymentPostprocessing = 0;
		};
/* End PBXSourcesBuildPhase section */

/* Begin PBXTargetDependency section */
		4750B35027621CA600D8E7B4 /* PBXTargetDependency */ = {
			isa = PBXTargetDependency;
			target = 4750B33D27621CA500D8E7B4 /* UI-388 */;
			targetProxy = 4750B34F27621CA600D8E7B4 /* PBXContainerItemProxy */;
		};
		4750B35A27621CA600D8E7B4 /* PBXTargetDependency */ = {
			isa = PBXTargetDependency;
			target = 4750B33D27621CA500D8E7B4 /* UI-388 */;
			targetProxy = 4750B35927621CA600D8E7B4 /* PBXContainerItemProxy */;
		};
/* End PBXTargetDependency section */

/* Begin XCBuildConfiguration section */
		4750B36027621CA600D8E7B4 /* Debug */ = {
			isa = XCBuildConfiguration;
			buildSettings = {
				ALWAYS_SEARCH_USER_PATHS = NO;
				CLANG_ANALYZER_NONNULL = YES;
				CLANG_ANALYZER_NUMBER_OBJECT_CONVERSION = YES_AGGRESSIVE;
				CLANG_CXX_LANGUAGE_STANDARD = "gnu++17";
				CLANG_CXX_LIBRARY = "libc++";
				CLANG_ENABLE_MODULES = YES;
				CLANG_ENABLE_OBJC_ARC = YES;
				CLANG_ENABLE_OBJC_WEAK = YES;
				CLANG_WARN_BLOCK_CAPTURE_AUTORELEASING = YES;
				CLANG_WARN_BOOL_CONVERSION = YES;
				CLANG_WARN_COMMA = YES;
				CLANG_WARN_CONSTANT_CONVERSION = YES;
				CLANG_WARN_DEPRECATED_OBJC_IMPLEMENTATIONS = YES;
				CLANG_WARN_DIRECT_OBJC_ISA_USAGE = YES_ERROR;
				CLANG_WARN_DOCUMENTATION_COMMENTS = YES;
				CLANG_WARN_EMPTY_BODY = YES;
				CLANG_WARN_ENUM_CONVERSION = YES;
				CLANG_WARN_INFINITE_RECURSION = YES;
				CLANG_WARN_INT_CONVERSION = YES;
				CLANG_WARN_NON_LITERAL_NULL_CONVERSION = YES;
				CLANG_WARN_OBJC_IMPLICIT_RETAIN_SELF = YES;
				CLANG_WARN_OBJC_LITERAL_CONVERSION = YES;
				CLANG_WARN_OBJC_ROOT_CLASS = YES_ERROR;
				CLANG_WARN_QUOTED_INCLUDE_IN_FRAMEWORK_HEADER = YES;
				CLANG_WARN_RANGE_LOOP_ANALYSIS = YES;
				CLANG_WARN_STRICT_PROTOTYPES = YES;
				CLANG_WARN_SUSPICIOUS_MOVE = YES;
				CLANG_WARN_UNGUARDED_AVAILABILITY = YES_AGGRESSIVE;
				CLANG_WARN_UNREACHABLE_CODE = YES;
				CLANG_WARN__DUPLICATE_METHOD_MATCH = YES;
				COPY_PHASE_STRIP = NO;
				DEBUG_INFORMATION_FORMAT = dwarf;
				ENABLE_STRICT_OBJC_MSGSEND = YES;
				ENABLE_TESTABILITY = YES;
				GCC_C_LANGUAGE_STANDARD = gnu11;
				GCC_DYNAMIC_NO_PIC = NO;
				GCC_NO_COMMON_BLOCKS = YES;
				GCC_OPTIMIZATION_LEVEL = 0;
				GCC_PREPROCESSOR_DEFINITIONS = (
					"DEBUG=1",
					"$(inherited)",
				);
				GCC_WARN_64_TO_32_BIT_CONVERSION = YES;
				GCC_WARN_ABOUT_RETURN_TYPE = YES_ERROR;
				GCC_WARN_UNDECLARED_SELECTOR = YES;
				GCC_WARN_UNINITIALIZED_AUTOS = YES_AGGRESSIVE;
				GCC_WARN_UNUSED_FUNCTION = YES;
				GCC_WARN_UNUSED_VARIABLE = YES;
				IPHONEOS_DEPLOYMENT_TARGET = 15.0;
				MTL_ENABLE_DEBUG_INFO = INCLUDE_SOURCE;
				MTL_FAST_MATH = YES;
				ONLY_ACTIVE_ARCH = YES;
				SDKROOT = iphoneos;
				SWIFT_ACTIVE_COMPILATION_CONDITIONS = DEBUG;
				SWIFT_OPTIMIZATION_LEVEL = "-Onone";
			};
			name = Debug;
		};
		4750B36127621CA600D8E7B4 /* Release */ = {
			isa = XCBuildConfiguration;
			buildSettings = {
				ALWAYS_SEARCH_USER_PATHS = NO;
				CLANG_ANALYZER_NONNULL = YES;
				CLANG_ANALYZER_NUMBER_OBJECT_CONVERSION = YES_AGGRESSIVE;
				CLANG_CXX_LANGUAGE_STANDARD = "gnu++17";
				CLANG_CXX_LIBRARY = "libc++";
				CLANG_ENABLE_MODULES = YES;
				CLANG_ENABLE_OBJC_ARC = YES;
				CLANG_ENABLE_OBJC_WEAK = YES;
				CLANG_WARN_BLOCK_CAPTURE_AUTORELEASING = YES;
				CLANG_WARN_BOOL_CONVERSION = YES;
				CLANG_WARN_COMMA = YES;
				CLANG_WARN_CONSTANT_CONVERSION = YES;
				CLANG_WARN_DEPRECATED_OBJC_IMPLEMENTATIONS = YES;
				CLANG_WARN_DIRECT_OBJC_ISA_USAGE = YES_ERROR;
				CLANG_WARN_DOCUMENTATION_COMMENTS = YES;
				CLANG_WARN_EMPTY_BODY = YES;
				CLANG_WARN_ENUM_CONVERSION = YES;
				CLANG_WARN_INFINITE_RECURSION = YES;
				CLANG_WARN_INT_CONVERSION = YES;
				CLANG_WARN_NON_LITERAL_NULL_CONVERSION = YES;
				CLANG_WARN_OBJC_IMPLICIT_RETAIN_SELF = YES;
				CLANG_WARN_OBJC_LITERAL_CONVERSION = YES;
				CLANG_WARN_OBJC_ROOT_CLASS = YES_ERROR;
				CLANG_WARN_QUOTED_INCLUDE_IN_FRAMEWORK_HEADER = YES;
				CLANG_WARN_RANGE_LOOP_ANALYSIS = YES;
				CLANG_WARN_STRICT_PROTOTYPES = YES;
				CLANG_WARN_SUSPICIOUS_MOVE = YES;
				CLANG_WARN_UNGUARDED_AVAILABILITY = YES_AGGRESSIVE;
				CLANG_WARN_UNREACHABLE_CODE = YES;
				CLANG_WARN__DUPLICATE_METHOD_MATCH = YES;
				COPY_PHASE_STRIP = NO;
				DEBUG_INFORMATION_FORMAT = "dwarf-with-dsym";
				ENABLE_NS_ASSERTIONS = NO;
				ENABLE_STRICT_OBJC_MSGSEND = YES;
				GCC_C_LANGUAGE_STANDARD = gnu11;
				GCC_NO_COMMON_BLOCKS = YES;
				GCC_WARN_64_TO_32_BIT_CONVERSION = YES;
				GCC_WARN_ABOUT_RETURN_TYPE = YES_ERROR;
				GCC_WARN_UNDECLARED_SELECTOR = YES;
				GCC_WARN_UNINITIALIZED_AUTOS = YES_AGGRESSIVE;
				GCC_WARN_UNUSED_FUNCTION = YES;
				GCC_WARN_UNUSED_VARIABLE = YES;
				IPHONEOS_DEPLOYMENT_TARGET = 15.0;
				MTL_ENABLE_DEBUG_INFO = NO;
				MTL_FAST_MATH = YES;
				SDKROOT = iphoneos;
				SWIFT_COMPILATION_MODE = wholemodule;
				SWIFT_OPTIMIZATION_LEVEL = "-O";
				VALIDATE_PRODUCT = YES;
			};
			name = Release;
		};
		4750B36327621CA600D8E7B4 /* Debug */ = {
			isa = XCBuildConfiguration;
			buildSettings = {
				ASSETCATALOG_COMPILER_APPICON_NAME = AppIcon;
				ASSETCATALOG_COMPILER_GLOBAL_ACCENT_COLOR_NAME = AccentColor;
				CODE_SIGN_STYLE = Automatic;
				CURRENT_PROJECT_VERSION = 1;
				DEVELOPMENT_ASSET_PATHS = "\"UI-388/Preview Content\"";
				DEVELOPMENT_TEAM = 8CL4U468K5;
				ENABLE_PREVIEWS = YES;
				GENERATE_INFOPLIST_FILE = YES;
				INFOPLIST_KEY_UIApplicationSceneManifest_Generation = YES;
				INFOPLIST_KEY_UIApplicationSupportsIndirectInputEvents = YES;
				INFOPLIST_KEY_UILaunchScreen_Generation = YES;
				INFOPLIST_KEY_UISupportedInterfaceOrientations_iPad = "UIInterfaceOrientationPortrait UIInterfaceOrientationPortraitUpsideDown UIInterfaceOrientationLandscapeLeft UIInterfaceOrientationLandscapeRight";
				INFOPLIST_KEY_UISupportedInterfaceOrientations_iPhone = "UIInterfaceOrientationPortrait UIInterfaceOrientationLandscapeLeft UIInterfaceOrientationLandscapeRight";
				LD_RUNPATH_SEARCH_PATHS = (
					"$(inherited)",
					"@executable_path/Frameworks",
				);
				MARKETING_VERSION = 1.0;
				PRODUCT_BUNDLE_IDENTIFIER = "com.585.UI-388";
				PRODUCT_NAME = "$(TARGET_NAME)";
				SWIFT_EMIT_LOC_STRINGS = YES;
				SWIFT_VERSION = 5.0;
				TARGETED_DEVICE_FAMILY = "1,2";
			};
			name = Debug;
		};
		4750B36427621CA600D8E7B4 /* Release */ = {
			isa = XCBuildConfiguration;
			buildSettings = {
				ASSETCATALOG_COMPILER_APPICON_NAME = AppIcon;
				ASSETCATALOG_COMPILER_GLOBAL_ACCENT_COLOR_NAME = AccentColor;
				CODE_SIGN_STYLE = Automatic;
				CURRENT_PROJECT_VERSION = 1;
				DEVELOPMENT_ASSET_PATHS = "\"UI-388/Preview Content\"";
				DEVELOPMENT_TEAM = 8CL4U468K5;
				ENABLE_PREVIEWS = YES;
				GENERATE_INFOPLIST_FILE = YES;
				INFOPLIST_KEY_UIApplicationSceneManifest_Generation = YES;
				INFOPLIST_KEY_UIApplicationSupportsIndirectInputEvents = YES;
				INFOPLIST_KEY_UILaunchScreen_Generation = YES;
				INFOPLIST_KEY_UISupportedInterfaceOrientations_iPad = "UIInterfaceOrientationPortrait UIInterfaceOrientationPortraitUpsideDown UIInterfaceOrientationLandscapeLeft UIInterfaceOrientationLandscapeRight";
				INFOPLIST_KEY_UISupportedInterfaceOrientations_iPhone = "UIInterfaceOrientationPortrait UIInterfaceOrientationLandscapeLeft UIInterfaceOrientationLandscapeRight";
				LD_RUNPATH_SEARCH_PATHS = (
					"$(inherited)",
					"@executable_path/Frameworks",
				);
				MARKETING_VERSION = 1.0;
				PRODUCT_BUNDLE_IDENTIFIER = "com.585.UI-388";
				PRODUCT_NAME = "$(TARGET_NAME)";
				SWIFT_EMIT_LOC_STRINGS = YES;
				SWIFT_VERSION = 5.0;
				TARGETED_DEVICE_FAMILY = "1,2";
			};
			name = Release;
		};
		4750B36627621CA600D8E7B4 /* Debug */ = {
			isa = XCBuildConfiguration;
			buildSettings = {
				ALWAYS_EMBED_SWIFT_STANDARD_LIBRARIES = YES;
				BUNDLE_LOADER = "$(TEST_HOST)";
				CODE_SIGN_STYLE = Automatic;
				CURRENT_PROJECT_VERSION = 1;
				DEVELOPMENT_TEAM = 8CL4U468K5;
				GENERATE_INFOPLIST_FILE = YES;
				IPHONEOS_DEPLOYMENT_TARGET = 15.0;
				LD_RUNPATH_SEARCH_PATHS = (
					"$(inherited)",
					"@executable_path/Frameworks",
					"@loader_path/Frameworks",
				);
				MARKETING_VERSION = 1.0;
				PRODUCT_BUNDLE_IDENTIFIER = "com.585.UI-388Tests";
				PRODUCT_NAME = "$(TARGET_NAME)";
				SWIFT_EMIT_LOC_STRINGS = NO;
				SWIFT_VERSION = 5.0;
				TARGETED_DEVICE_FAMILY = "1,2";
				TEST_HOST = "$(BUILT_PRODUCTS_DIR)/UI-388.app/UI-388";
			};
			name = Debug;
		};
		4750B36727621CA600D8E7B4 /* Release */ = {
			isa = XCBuildConfiguration;
			buildSettings = {
				ALWAYS_EMBED_SWIFT_STANDARD_LIBRARIES = YES;
				BUNDLE_LOADER = "$(TEST_HOST)";
				CODE_SIGN_STYLE = Automatic;
				CURRENT_PROJECT_VERSION = 1;
				DEVELOPMENT_TEAM = 8CL4U468K5;
				GENERATE_INFOPLIST_FILE = YES;
				IPHONEOS_DEPLOYMENT_TARGET = 15.0;
				LD_RUNPATH_SEARCH_PATHS = (
					"$(inherited)",
					"@executable_path/Frameworks",
					"@loader_path/Frameworks",
				);
				MARKETING_VERSION = 1.0;
				PRODUCT_BUNDLE_IDENTIFIER = "com.585.UI-388Tests";
				PRODUCT_NAME = "$(TARGET_NAME)";
				SWIFT_EMIT_LOC_STRINGS = NO;
				SWIFT_VERSION = 5.0;
				TARGETED_DEVICE_FAMILY = "1,2";
				TEST_HOST = "$(BUILT_PRODUCTS_DIR)/UI-388.app/UI-388";
			};
			name = Release;
		};
		4750B36927621CA600D8E7B4 /* Debug */ = {
			isa = XCBuildConfiguration;
			buildSettings = {
				ALWAYS_EMBED_SWIFT_STANDARD_LIBRARIES = YES;
				CODE_SIGN_STYLE = Automatic;
				CURRENT_PROJECT_VERSION = 1;
				DEVELOPMENT_TEAM = 8CL4U468K5;
				GENERATE_INFOPLIST_FILE = YES;
				LD_RUNPATH_SEARCH_PATHS = (
					"$(inherited)",
					"@executable_path/Frameworks",
					"@loader_path/Frameworks",
				);
				MARKETING_VERSION = 1.0;
				PRODUCT_BUNDLE_IDENTIFIER = "com.585.UI-388UITests";
				PRODUCT_NAME = "$(TARGET_NAME)";
				SWIFT_EMIT_LOC_STRINGS = NO;
				SWIFT_VERSION = 5.0;
				TARGETED_DEVICE_FAMILY = "1,2";
				TEST_TARGET_NAME = "UI-388";
			};
			name = Debug;
		};
		4750B36A27621CA600D8E7B4 /* Release */ = {
			isa = XCBuildConfiguration;
			buildSettings = {
				ALWAYS_EMBED_SWIFT_STANDARD_LIBRARIES = YES;
				CODE_SIGN_STYLE = Automatic;
				CURRENT_PROJECT_VERSION = 1;
				DEVELOPMENT_TEAM = 8CL4U468K5;
				GENERATE_INFOPLIST_FILE = YES;
				LD_RUNPATH_SEARCH_PATHS = (
					"$(inherited)",
					"@executable_path/Frameworks",
					"@loader_path/Frameworks",
				);
				MARKETING_VERSION = 1.0;
				PRODUCT_BUNDLE_IDENTIFIER = "com.585.UI-388UITests";
				PRODUCT_NAME = "$(TARGET_NAME)";
				SWIFT_EMIT_LOC_STRINGS = NO;
				SWIFT_VERSION = 5.0;
				TARGETED_DEVICE_FAMILY = "1,2";
				TEST_TARGET_NAME = "UI-388";
			};
			name = Release;
		};
/* End XCBuildConfiguration section */

/* Begin XCConfigurationList section */
		4750B33927621CA500D8E7B4 /* Build configuration list for PBXProject "UI-388" */ = {
			isa = XCConfigurationList;
			buildConfigurations = (
				4750B36027621CA600D8E7B4 /* Debug */,
				4750B36127621CA600D8E7B4 /* Release */,
			);
			defaultConfigurationIsVisible = 0;
			defaultConfigurationName = Release;
		};
		4750B36227621CA600D8E7B4 /* Build configuration list for PBXNativeTarget "UI-388" */ = {
			isa = XCConfigurationList;
			buildConfigurations = (
				4750B36327621CA600D8E7B4 /* Debug */,
				4750B36427621CA600D8E7B4 /* Release */,
			);
			defaultConfigurationIsVisible = 0;
			defaultConfigurationName = Release;
		};
		4750B36527621CA600D8E7B4 /* Build configuration list for PBXNativeTarget "UI-388Tests" */ = {
			isa = XCConfigurationList;
			buildConfigurations = (
				4750B36627621CA600D8E7B4 /* Debug */,
				4750B36727621CA600D8E7B4 /* Release */,
			);
			defaultConfigurationIsVisible = 0;
			defaultConfigurationName = Release;
		};
		4750B36827621CA600D8E7B4 /* Build configuration list for PBXNativeTarget "UI-388UITests" */ = {
			isa = XCConfigurationList;
			buildConfigurations = (
				4750B36927621CA600D8E7B4 /* Debug */,
				4750B36A27621CA600D8E7B4 /* Release */,
			);
			defaultConfigurationIsVisible = 0;
			defaultConfigurationName = Release;
		};
/* End XCConfigurationList section */
	};
	rootObject = 4750B33627621CA500D8E7B4 /* Project object */;
}
